PODS:
  - Alamofire (4.7.1)
  - EEZoomableImageView (0.1.2)
  - Kingfisher (4.8.1)
  - SwiftLint (0.27.0)
  - SwiftSoup (1.7.2)

DEPENDENCIES:
  - Alamofire
  - EEZoomableImageView
  - Kingfisher
  - SwiftLint (~> 0.27.0)
  - SwiftSoup

SPEC REPOS:
  https://github.com/cocoapods/specs.git:
    - Alamofire
    - EEZoomableImageView
    - Kingfisher
    - SwiftLint
    - SwiftSoup

SPEC CHECKSUMS:
  Alamofire: 68d7d521118d49c615a8d2214d87cdf525599d30
  EEZoomableImageView: 17389e2a7d03fc861fc9d044f06907777edd8970
  Kingfisher: 868c1149679a7ab6869be118faa9b5aed154aaf0
  SwiftLint: 3207c1faa2240bf8973b191820a116113cd11073
  SwiftSoup: e5f61d37e3d802a4b5db81b4945de3da9bfdf115

PODFILE CHECKSUM: 479f3aed892dbbe408cc7ebd21f98f02a2534f17

COCOAPODS: 1.5.3
