// !$*UTF8*$!
{
	archiveVersion = 1;
	classes = {
	};
	objectVersion = 51;
	objects = {

/* Begin PBXBuildFile section */
		5210C6742121EFE200B57885 /* PhotoBrowserViewController.storyboard in Resources */ = {isa = PBXBuildFile; fileRef = 5210C6732121EFE200B57885 /* PhotoBrowserViewController.storyboard */; };
		5210C679212483F300B57885 /* SourcesViewController.swift in Sources */ = {isa = PBXBuildFile; fileRef = 5210C678212483F300B57885 /* SourcesViewController.swift */; };
		5210C67B2124840200B57885 /* SourcesViewController.storyboard in Resources */ = {isa = PBXBuildFile; fileRef = 5210C67A2124840200B57885 /* SourcesViewController.storyboard */; };
		52275107211413D60097F03F /* CustomError.swift in Sources */ = {isa = PBXBuildFile; fileRef = 52275106211413D60097F03F /* CustomError.swift */; };
		52275109211415410097F03F /* HTMLResponseSerialization.swift in Sources */ = {isa = PBXBuildFile; fileRef = 52275108211415410097F03F /* HTMLResponseSerialization.swift */; };
		5227510B211437590097F03F /* DataModel.swift in Sources */ = {isa = PBXBuildFile; fileRef = 5227510A211437590097F03F /* DataModel.swift */; };
		526130172119FE74009B2023 /* SourceFetchable.swift in Sources */ = {isa = PBXBuildFile; fileRef = 526130162119FE74009B2023 /* SourceFetchable.swift */; };
		5261301A2119FF30009B2023 /* TimLiaoFetcher.swift in Sources */ = {isa = PBXBuildFile; fileRef = 526130192119FF30009B2023 /* TimLiaoFetcher.swift */; };
		5282DF862121EBBC00931E17 /* PhotoBrowserViewController.swift in Sources */ = {isa = PBXBuildFile; fileRef = 5282DF852121EBBC00931E17 /* PhotoBrowserViewController.swift */; };
		529A80A62120057B00DF150F /* CoordinatorProtocol.swift in Sources */ = {isa = PBXBuildFile; fileRef = 529A80A52120057B00DF150F /* CoordinatorProtocol.swift */; };
		529A80A82120100600DF150F /* RootCoordinator.swift in Sources */ = {isa = PBXBuildFile; fileRef = 529A80A72120100600DF150F /* RootCoordinator.swift */; };
		529A80AB21201B1F00DF150F /* PhotosViewModel.swift in Sources */ = {isa = PBXBuildFile; fileRef = 529A80AA21201B1F00DF150F /* PhotosViewModel.swift */; };
		529A80AD21201FAB00DF150F /* PhotosViewController.swift in Sources */ = {isa = PBXBuildFile; fileRef = 529A80AC21201FAB00DF150F /* PhotosViewController.swift */; };
		529A80AF2120205700DF150F /* PhotosViewController.storyboard in Resources */ = {isa = PBXBuildFile; fileRef = 529A80AE2120205700DF150F /* PhotosViewController.storyboard */; };
		529A80B12120866200DF150F /* PhotoCell.swift in Sources */ = {isa = PBXBuildFile; fileRef = 529A80B02120866200DF150F /* PhotoCell.swift */; };
		529E1642211DEA3B00BB708F /* PostsViewModel.swift in Sources */ = {isa = PBXBuildFile; fileRef = 529E1641211DEA3B00BB708F /* PostsViewModel.swift */; };
		529E1646211FD11300BB708F /* PostCell.swift in Sources */ = {isa = PBXBuildFile; fileRef = 529E1645211FD11300BB708F /* PostCell.swift */; };
		52DBAE4C2127F32E0061DCC4 /* JKForumFetcher.swift in Sources */ = {isa = PBXBuildFile; fileRef = 52DBAE4B2127F32E0061DCC4 /* JKForumFetcher.swift */; };
		52DBAE4E21288FC90061DCC4 /* CustomNavigationController.swift in Sources */ = {isa = PBXBuildFile; fileRef = 52DBAE4D21288FC90061DCC4 /* CustomNavigationController.swift */; };
		52FF67362112131F00C6B800 /* AppDelegate.swift in Sources */ = {isa = PBXBuildFile; fileRef = 52FF67352112131F00C6B800 /* AppDelegate.swift */; };
		52FF67382112131F00C6B800 /* PostsViewController.swift in Sources */ = {isa = PBXBuildFile; fileRef = 52FF67372112131F00C6B800 /* PostsViewController.swift */; };
		52FF673B2112131F00C6B800 /* PostsViewController.storyboard in Resources */ = {isa = PBXBuildFile; fileRef = 52FF67392112131F00C6B800 /* PostsViewController.storyboard */; };
		52FF673D2112132000C6B800 /* Assets.xcassets in Resources */ = {isa = PBXBuildFile; fileRef = 52FF673C2112132000C6B800 /* Assets.xcassets */; };
		52FF67402112132000C6B800 /* LaunchScreen.storyboard in Resources */ = {isa = PBXBuildFile; fileRef = 52FF673E2112132000C6B800 /* LaunchScreen.storyboard */; };
		69F855DC644F3BFCB310038F /* Pods_SwiftBeauty.framework in Frameworks */ = {isa = PBXBuildFile; fileRef = A815274DA33C940039D13FB7 /* Pods_SwiftBeauty.framework */; };
/* End PBXBuildFile section */

/* Begin PBXFileReference section */
		285EDE17E2FA8C8AF769234B /* Pods-SwiftBeauty.debug.xcconfig */ = {isa = PBXFileReference; includeInIndex = 1; lastKnownFileType = text.xcconfig; name = "Pods-SwiftBeauty.debug.xcconfig"; path = "Pods/Target Support Files/Pods-SwiftBeauty/Pods-SwiftBeauty.debug.xcconfig"; sourceTree = "<group>"; };
		5210C6732121EFE200B57885 /* PhotoBrowserViewController.storyboard */ = {isa = PBXFileReference; lastKnownFileType = file.storyboard; path = PhotoBrowserViewController.storyboard; sourceTree = "<group>"; };
		5210C678212483F300B57885 /* SourcesViewController.swift */ = {isa = PBXFileReference; lastKnownFileType = sourcecode.swift; path = SourcesViewController.swift; sourceTree = "<group>"; };
		5210C67A2124840200B57885 /* SourcesViewController.storyboard */ = {isa = PBXFileReference; lastKnownFileType = file.storyboard; path = SourcesViewController.storyboard; sourceTree = "<group>"; };
		52275106211413D60097F03F /* CustomError.swift */ = {isa = PBXFileReference; lastKnownFileType = sourcecode.swift; path = CustomError.swift; sourceTree = "<group>"; };
		52275108211415410097F03F /* HTMLResponseSerialization.swift */ = {isa = PBXFileReference; lastKnownFileType = sourcecode.swift; path = HTMLResponseSerialization.swift; sourceTree = "<group>"; };
		5227510A211437590097F03F /* DataModel.swift */ = {isa = PBXFileReference; lastKnownFileType = sourcecode.swift; path = DataModel.swift; sourceTree = "<group>"; };
		526130162119FE74009B2023 /* SourceFetchable.swift */ = {isa = PBXFileReference; lastKnownFileType = sourcecode.swift; path = SourceFetchable.swift; sourceTree = "<group>"; };
		526130192119FF30009B2023 /* TimLiaoFetcher.swift */ = {isa = PBXFileReference; lastKnownFileType = sourcecode.swift; path = TimLiaoFetcher.swift; sourceTree = "<group>"; };
		5282DF852121EBBC00931E17 /* PhotoBrowserViewController.swift */ = {isa = PBXFileReference; lastKnownFileType = sourcecode.swift; path = PhotoBrowserViewController.swift; sourceTree = "<group>"; };
		529A80A52120057B00DF150F /* CoordinatorProtocol.swift */ = {isa = PBXFileReference; lastKnownFileType = sourcecode.swift; path = CoordinatorProtocol.swift; sourceTree = "<group>"; };
		529A80A72120100600DF150F /* RootCoordinator.swift */ = {isa = PBXFileReference; lastKnownFileType = sourcecode.swift; path = RootCoordinator.swift; sourceTree = "<group>"; };
		529A80AA21201B1F00DF150F /* PhotosViewModel.swift */ = {isa = PBXFileReference; lastKnownFileType = sourcecode.swift; path = PhotosViewModel.swift; sourceTree = "<group>"; };
		529A80AC21201FAB00DF150F /* PhotosViewController.swift */ = {isa = PBXFileReference; lastKnownFileType = sourcecode.swift; path = PhotosViewController.swift; sourceTree = "<group>"; };
		529A80AE2120205700DF150F /* PhotosViewController.storyboard */ = {isa = PBXFileReference; lastKnownFileType = file.storyboard; path = PhotosViewController.storyboard; sourceTree = "<group>"; };
		529A80B02120866200DF150F /* PhotoCell.swift */ = {isa = PBXFileReference; lastKnownFileType = sourcecode.swift; path = PhotoCell.swift; sourceTree = "<group>"; };
		529E1641211DEA3B00BB708F /* PostsViewModel.swift */ = {isa = PBXFileReference; lastKnownFileType = sourcecode.swift; path = PostsViewModel.swift; sourceTree = "<group>"; };
		529E1645211FD11300BB708F /* PostCell.swift */ = {isa = PBXFileReference; lastKnownFileType = sourcecode.swift; path = PostCell.swift; sourceTree = "<group>"; };
		52DBAE4B2127F32E0061DCC4 /* JKForumFetcher.swift */ = {isa = PBXFileReference; lastKnownFileType = sourcecode.swift; path = JKForumFetcher.swift; sourceTree = "<group>"; };
		52DBAE4D21288FC90061DCC4 /* CustomNavigationController.swift */ = {isa = PBXFileReference; lastKnownFileType = sourcecode.swift; path = CustomNavigationController.swift; sourceTree = "<group>"; };
		52FF67322112131F00C6B800 /* SwiftBeauty.app */ = {isa = PBXFileReference; explicitFileType = wrapper.application; includeInIndex = 0; path = SwiftBeauty.app; sourceTree = BUILT_PRODUCTS_DIR; };
		52FF67352112131F00C6B800 /* AppDelegate.swift */ = {isa = PBXFileReference; lastKnownFileType = sourcecode.swift; path = AppDelegate.swift; sourceTree = "<group>"; };
		52FF67372112131F00C6B800 /* PostsViewController.swift */ = {isa = PBXFileReference; lastKnownFileType = sourcecode.swift; path = PostsViewController.swift; sourceTree = "<group>"; };
		52FF673A2112131F00C6B800 /* Base */ = {isa = PBXFileReference; lastKnownFileType = file.storyboard; name = Base; path = Base.lproj/PostsViewController.storyboard; sourceTree = "<group>"; };
		52FF673C2112132000C6B800 /* Assets.xcassets */ = {isa = PBXFileReference; lastKnownFileType = folder.assetcatalog; path = Assets.xcassets; sourceTree = "<group>"; };
		52FF673F2112132000C6B800 /* Base */ = {isa = PBXFileReference; lastKnownFileType = file.storyboard; name = Base; path = Base.lproj/LaunchScreen.storyboard; sourceTree = "<group>"; };
		52FF67412112132100C6B800 /* Info.plist */ = {isa = PBXFileReference; lastKnownFileType = text.plist.xml; path = Info.plist; sourceTree = "<group>"; };
		75ABDFBC04CAD7AC341DEAFB /* Pods-SwiftBeauty.release.xcconfig */ = {isa = PBXFileReference; includeInIndex = 1; lastKnownFileType = text.xcconfig; name = "Pods-SwiftBeauty.release.xcconfig"; path = "Pods/Target Support Files/Pods-SwiftBeauty/Pods-SwiftBeauty.release.xcconfig"; sourceTree = "<group>"; };
		A815274DA33C940039D13FB7 /* Pods_SwiftBeauty.framework */ = {isa = PBXFileReference; explicitFileType = wrapper.framework; includeInIndex = 0; path = Pods_SwiftBeauty.framework; sourceTree = BUILT_PRODUCTS_DIR; };
/* End PBXFileReference section */

/* Begin PBXFrameworksBuildPhase section */
		52FF672F2112131F00C6B800 /* Frameworks */ = {
			isa = PBXFrameworksBuildPhase;
			buildActionMask = 2147483647;
			files = (
				69F855DC644F3BFCB310038F /* Pods_SwiftBeauty.framework in Frameworks */,
			);
			runOnlyForDeploymentPostprocessing = 0;
		};
/* End PBXFrameworksBuildPhase section */

/* Begin PBXGroup section */
		5210C677212483B200B57885 /* Sources List */ = {
			isa = PBXGroup;
			children = (
				5210C67A2124840200B57885 /* SourcesViewController.storyboard */,
				5210C678212483F300B57885 /* SourcesViewController.swift */,
			);
			path = "Sources List";
			sourceTree = "<group>";
		};
		52275105211223640097F03F /* Supporting Files */ = {
			isa = PBXGroup;
			children = (
				52FF67352112131F00C6B800 /* AppDelegate.swift */,
				52FF673C2112132000C6B800 /* Assets.xcassets */,
				52DBAE4D21288FC90061DCC4 /* CustomNavigationController.swift */,
				52FF67412112132100C6B800 /* Info.plist */,
				52FF673E2112132000C6B800 /* LaunchScreen.storyboard */,
			);
			path = "Supporting Files";
			sourceTree = "<group>";
		};
		526130182119FF13009B2023 /* Source Fetcher */ = {
			isa = PBXGroup;
			children = (
				52275106211413D60097F03F /* CustomError.swift */,
				5227510A211437590097F03F /* DataModel.swift */,
				52275108211415410097F03F /* HTMLResponseSerialization.swift */,
				52DBAE4B2127F32E0061DCC4 /* JKForumFetcher.swift */,
				526130162119FE74009B2023 /* SourceFetchable.swift */,
				526130192119FF30009B2023 /* TimLiaoFetcher.swift */,
			);
			path = "Source Fetcher";
			sourceTree = "<group>";
		};
		5282DF842121EB7300931E17 /* Photo Browser */ = {
			isa = PBXGroup;
			children = (
				5210C6732121EFE200B57885 /* PhotoBrowserViewController.storyboard */,
				5282DF852121EBBC00931E17 /* PhotoBrowserViewController.swift */,
			);
			path = "Photo Browser";
			sourceTree = "<group>";
		};
		529A80A42120054C00DF150F /* Coordinator */ = {
			isa = PBXGroup;
			children = (
				529A80A52120057B00DF150F /* CoordinatorProtocol.swift */,
				529A80A72120100600DF150F /* RootCoordinator.swift */,
			);
			path = Coordinator;
			sourceTree = "<group>";
		};
		529A80A921201AC200DF150F /* Photos List */ = {
			isa = PBXGroup;
			children = (
				529A80B02120866200DF150F /* PhotoCell.swift */,
				529A80AE2120205700DF150F /* PhotosViewController.storyboard */,
				529A80AC21201FAB00DF150F /* PhotosViewController.swift */,
				529A80AA21201B1F00DF150F /* PhotosViewModel.swift */,
			);
			path = "Photos List";
			sourceTree = "<group>";
		};
		529E1640211DE9B700BB708F /* Posts List */ = {
			isa = PBXGroup;
			children = (
				529E1645211FD11300BB708F /* PostCell.swift */,
				52FF67392112131F00C6B800 /* PostsViewController.storyboard */,
				52FF67372112131F00C6B800 /* PostsViewController.swift */,
				529E1641211DEA3B00BB708F /* PostsViewModel.swift */,
			);
			path = "Posts List";
			sourceTree = "<group>";
		};
		52FF67292112131F00C6B800 = {
			isa = PBXGroup;
			children = (
				FB387EDB5C537447CAE5E6FA /* Frameworks */,
				53E7BCDD0C13EF3855800604 /* Pods */,
				52FF67332112131F00C6B800 /* Products */,
				52FF67342112131F00C6B800 /* SwiftBeauty */,
			);
			sourceTree = "<group>";
		};
		52FF67332112131F00C6B800 /* Products */ = {
			isa = PBXGroup;
			children = (
				52FF67322112131F00C6B800 /* SwiftBeauty.app */,
			);
			name = Products;
			sourceTree = "<group>";
		};
		52FF67342112131F00C6B800 /* SwiftBeauty */ = {
			isa = PBXGroup;
			children = (
				529A80A42120054C00DF150F /* Coordinator */,
				5282DF842121EB7300931E17 /* Photo Browser */,
				529A80A921201AC200DF150F /* Photos List */,
				529E1640211DE9B700BB708F /* Posts List */,
				526130182119FF13009B2023 /* Source Fetcher */,
				5210C677212483B200B57885 /* Sources List */,
				52275105211223640097F03F /* Supporting Files */,
			);
			path = SwiftBeauty;
			sourceTree = "<group>";
		};
		53E7BCDD0C13EF3855800604 /* Pods */ = {
			isa = PBXGroup;
			children = (
				285EDE17E2FA8C8AF769234B /* Pods-SwiftBeauty.debug.xcconfig */,
				75ABDFBC04CAD7AC341DEAFB /* Pods-SwiftBeauty.release.xcconfig */,
			);
			name = Pods;
			sourceTree = "<group>";
		};
		FB387EDB5C537447CAE5E6FA /* Frameworks */ = {
			isa = PBXGroup;
			children = (
				A815274DA33C940039D13FB7 /* Pods_SwiftBeauty.framework */,
			);
			name = Frameworks;
			sourceTree = "<group>";
		};
/* End PBXGroup section */

/* Begin PBXNativeTarget section */
		52FF67312112131F00C6B800 /* SwiftBeauty */ = {
			isa = PBXNativeTarget;
			buildConfigurationList = 52FF67442112132100C6B800 /* Build configuration list for PBXNativeTarget "SwiftBeauty" */;
			buildPhases = (
				BC7559747C41AA71B8F772CD /* [CP] Check Pods Manifest.lock */,
				52FF672E2112131F00C6B800 /* Sources */,
				52FF672F2112131F00C6B800 /* Frameworks */,
				52FF67302112131F00C6B800 /* Resources */,
				7150ED85D3D62BFF50E3D9A3 /* [CP] Embed Pods Frameworks */,
				52047A99212EFFBE000F13CB /* Run SwiftLint */,
			);
			buildRules = (
			);
			dependencies = (
			);
			name = SwiftBeauty;
			productName = SwiftBeauty;
			productReference = 52FF67322112131F00C6B800 /* SwiftBeauty.app */;
			productType = "com.apple.product-type.application";
		};
/* End PBXNativeTarget section */

/* Begin PBXProject section */
		52FF672A2112131F00C6B800 /* Project object */ = {
			isa = PBXProject;
			attributes = {
				LastSwiftUpdateCheck = 0940;
				LastUpgradeCheck = 1200;
				ORGANIZATIONNAME = Nelson;
				TargetAttributes = {
					52FF67312112131F00C6B800 = {
						CreatedOnToolsVersion = 9.4.1;
					};
				};
			};
			buildConfigurationList = 52FF672D2112131F00C6B800 /* Build configuration list for PBXProject "SwiftBeauty" */;
			compatibilityVersion = "Xcode 9.3";
			developmentRegion = en;
			hasScannedForEncodings = 0;
			knownRegions = (
				en,
				Base,
			);
			mainGroup = 52FF67292112131F00C6B800;
			productRefGroup = 52FF67332112131F00C6B800 /* Products */;
			projectDirPath = "";
			projectRoot = "";
			targets = (
				52FF67312112131F00C6B800 /* SwiftBeauty */,
			);
		};
/* End PBXProject section */

/* Begin PBXResourcesBuildPhase section */
		52FF67302112131F00C6B800 /* Resources */ = {
			isa = PBXResourcesBuildPhase;
			buildActionMask = 2147483647;
			files = (
				52FF673D2112132000C6B800 /* Assets.xcassets in Resources */,
				52FF67402112132000C6B800 /* LaunchScreen.storyboard in Resources */,
				5210C6742121EFE200B57885 /* PhotoBrowserViewController.storyboard in Resources */,
				529A80AF2120205700DF150F /* PhotosViewController.storyboard in Resources */,
				52FF673B2112131F00C6B800 /* PostsViewController.storyboard in Resources */,
				5210C67B2124840200B57885 /* SourcesViewController.storyboard in Resources */,
			);
			runOnlyForDeploymentPostprocessing = 0;
		};
/* End PBXResourcesBuildPhase section */

/* Begin PBXShellScriptBuildPhase section */
		52047A99212EFFBE000F13CB /* Run SwiftLint */ = {
			isa = PBXShellScriptBuildPhase;
			buildActionMask = 2147483647;
			files = (
			);
			inputPaths = (
			);
			name = "Run SwiftLint";
			outputPaths = (
			);
			runOnlyForDeploymentPostprocessing = 0;
			shellPath = /bin/sh;
			shellScript = "\"${PODS_ROOT}/SwiftLint/swiftlint\"\n";
		};
		7150ED85D3D62BFF50E3D9A3 /* [CP] Embed Pods Frameworks */ = {
			isa = PBXShellScriptBuildPhase;
			buildActionMask = 2147483647;
			files = (
			);
			inputFileListPaths = (
				"${PODS_ROOT}/Target Support Files/Pods-SwiftBeauty/Pods-SwiftBeauty-frameworks-${CONFIGURATION}-input-files.xcfilelist",
			);
			name = "[CP] Embed Pods Frameworks";
			outputFileListPaths = (
				"${PODS_ROOT}/Target Support Files/Pods-SwiftBeauty/Pods-SwiftBeauty-frameworks-${CONFIGURATION}-output-files.xcfilelist",
			);
			runOnlyForDeploymentPostprocessing = 0;
			shellPath = /bin/sh;
			shellScript = "\"${PODS_ROOT}/Target Support Files/Pods-SwiftBeauty/Pods-SwiftBeauty-frameworks.sh\"\n";
			showEnvVarsInLog = 0;
		};
		BC7559747C41AA71B8F772CD /* [CP] Check Pods Manifest.lock */ = {
			isa = PBXShellScriptBuildPhase;
			buildActionMask = 2147483647;
			files = (
			);
			inputPaths = (
				"${PODS_PODFILE_DIR_PATH}/Podfile.lock",
				"${PODS_ROOT}/Manifest.lock",
			);
			name = "[CP] Check Pods Manifest.lock";
			outputPaths = (
				"$(DERIVED_FILE_DIR)/Pods-SwiftBeauty-checkManifestLockResult.txt",
			);
			runOnlyForDeploymentPostprocessing = 0;
			shellPath = /bin/sh;
			shellScript = "diff \"${PODS_PODFILE_DIR_PATH}/Podfile.lock\" \"${PODS_ROOT}/Manifest.lock\" > /dev/null\nif [ $? != 0 ] ; then\n    # print error to STDERR\n    echo \"error: The sandbox is not in sync with the Podfile.lock. Run 'pod install' or update your CocoaPods installation.\" >&2\n    exit 1\nfi\n# This output is used by Xcode 'outputs' to avoid re-running this script phase.\necho \"SUCCESS\" > \"${SCRIPT_OUTPUT_FILE_0}\"\n";
			showEnvVarsInLog = 0;
		};
/* End PBXShellScriptBuildPhase section */

/* Begin PBXSourcesBuildPhase section */
		52FF672E2112131F00C6B800 /* Sources */ = {
			isa = PBXSourcesBuildPhase;
			buildActionMask = 2147483647;
			files = (
				52FF67362112131F00C6B800 /* AppDelegate.swift in Sources */,
				529A80A62120057B00DF150F /* CoordinatorProtocol.swift in Sources */,
				52275107211413D60097F03F /* CustomError.swift in Sources */,
				52DBAE4E21288FC90061DCC4 /* CustomNavigationController.swift in Sources */,
				5227510B211437590097F03F /* DataModel.swift in Sources */,
				52275109211415410097F03F /* HTMLResponseSerialization.swift in Sources */,
				52DBAE4C2127F32E0061DCC4 /* JKForumFetcher.swift in Sources */,
				5282DF862121EBBC00931E17 /* PhotoBrowserViewController.swift in Sources */,
				529A80B12120866200DF150F /* PhotoCell.swift in Sources */,
				529A80AD21201FAB00DF150F /* PhotosViewController.swift in Sources */,
				529A80AB21201B1F00DF150F /* PhotosViewModel.swift in Sources */,
				529E1646211FD11300BB708F /* PostCell.swift in Sources */,
				52FF67382112131F00C6B800 /* PostsViewController.swift in Sources */,
				529E1642211DEA3B00BB708F /* PostsViewModel.swift in Sources */,
				529A80A82120100600DF150F /* RootCoordinator.swift in Sources */,
				526130172119FE74009B2023 /* SourceFetchable.swift in Sources */,
				5210C679212483F300B57885 /* SourcesViewController.swift in Sources */,
				5261301A2119FF30009B2023 /* TimLiaoFetcher.swift in Sources */,
			);
			runOnlyForDeploymentPostprocessing = 0;
		};
/* End PBXSourcesBuildPhase section */

/* Begin PBXVariantGroup section */
		52FF67392112131F00C6B800 /* PostsViewController.storyboard */ = {
			isa = PBXVariantGroup;
			children = (
				52FF673A2112131F00C6B800 /* Base */,
			);
			name = PostsViewController.storyboard;
			sourceTree = "<group>";
		};
		52FF673E2112132000C6B800 /* LaunchScreen.storyboard */ = {
			isa = PBXVariantGroup;
			children = (
				52FF673F2112132000C6B800 /* Base */,
			);
			name = LaunchScreen.storyboard;
			sourceTree = "<group>";
		};
/* End PBXVariantGroup section */

/* Begin XCBuildConfiguration section */
		52FF67422112132100C6B800 /* Debug */ = {
			isa = XCBuildConfiguration;
			buildSettings = {
				ALWAYS_SEARCH_USER_PATHS = NO;
				CLANG_ANALYZER_NONNULL = YES;
				CLANG_ANALYZER_NUMBER_OBJECT_CONVERSION = YES_AGGRESSIVE;
				CLANG_CXX_LANGUAGE_STANDARD = "gnu++14";
				CLANG_CXX_LIBRARY = "libc++";
				CLANG_ENABLE_MODULES = YES;
				CLANG_ENABLE_OBJC_ARC = YES;
				CLANG_ENABLE_OBJC_WEAK = YES;
				CLANG_WARN_BLOCK_CAPTURE_AUTORELEASING = YES;
				CLANG_WARN_BOOL_CONVERSION = YES;
				CLANG_WARN_COMMA = YES;
				CLANG_WARN_CONSTANT_CONVERSION = YES;
				CLANG_WARN_DEPRECATED_OBJC_IMPLEMENTATIONS = YES;
				CLANG_WARN_DIRECT_OBJC_ISA_USAGE = YES_ERROR;
				CLANG_WARN_DOCUMENTATION_COMMENTS = YES;
				CLANG_WARN_EMPTY_BODY = YES;
				CLANG_WARN_ENUM_CONVERSION = YES;
				CLANG_WARN_INFINITE_RECURSION = YES;
				CLANG_WARN_INT_CONVERSION = YES;
				CLANG_WARN_NON_LITERAL_NULL_CONVERSION = YES;
				CLANG_WARN_OBJC_IMPLICIT_RETAIN_SELF = YES;
				CLANG_WARN_OBJC_LITERAL_CONVERSION = YES;
				CLANG_WARN_OBJC_ROOT_CLASS = YES_ERROR;
				CLANG_WARN_QUOTED_INCLUDE_IN_FRAMEWORK_HEADER = YES;
				CLANG_WARN_RANGE_LOOP_ANALYSIS = YES;
				CLANG_WARN_STRICT_PROTOTYPES = YES;
				CLANG_WARN_SUSPICIOUS_MOVE = YES;
				CLANG_WARN_UNGUARDED_AVAILABILITY = YES_AGGRESSIVE;
				CLANG_WARN_UNREACHABLE_CODE = YES;
				CLANG_WARN__DUPLICATE_METHOD_MATCH = YES;
				CODE_SIGN_IDENTITY = "iPhone Developer";
				COPY_PHASE_STRIP = NO;
				DEBUG_INFORMATION_FORMAT = dwarf;
				ENABLE_STRICT_OBJC_MSGSEND = YES;
				ENABLE_TESTABILITY = YES;
				GCC_C_LANGUAGE_STANDARD = gnu11;
				GCC_DYNAMIC_NO_PIC = NO;
				GCC_NO_COMMON_BLOCKS = YES;
				GCC_OPTIMIZATION_LEVEL = 0;
				GCC_PREPROCESSOR_DEFINITIONS = (
					"DEBUG=1",
					"$(inherited)",
				);
				GCC_WARN_64_TO_32_BIT_CONVERSION = YES;
				GCC_WARN_ABOUT_RETURN_TYPE = YES_ERROR;
				GCC_WARN_UNDECLARED_SELECTOR = YES;
				GCC_WARN_UNINITIALIZED_AUTOS = YES_AGGRESSIVE;
				GCC_WARN_UNUSED_FUNCTION = YES;
				GCC_WARN_UNUSED_VARIABLE = YES;
				IPHONEOS_DEPLOYMENT_TARGET = 12.0;
				MTL_ENABLE_DEBUG_INFO = YES;
				ONLY_ACTIVE_ARCH = YES;
				SDKROOT = iphoneos;
				SWIFT_ACTIVE_COMPILATION_CONDITIONS = DEBUG;
				SWIFT_OPTIMIZATION_LEVEL = "-Onone";
			};
			name = Debug;
		};
		52FF67432112132100C6B800 /* Release */ = {
			isa = XCBuildConfiguration;
			buildSettings = {
				ALWAYS_SEARCH_USER_PATHS = NO;
				CLANG_ANALYZER_NONNULL = YES;
				CLANG_ANALYZER_NUMBER_OBJECT_CONVERSION = YES_AGGRESSIVE;
				CLANG_CXX_LANGUAGE_STANDARD = "gnu++14";
				CLANG_CXX_LIBRARY = "libc++";
				CLANG_ENABLE_MODULES = YES;
				CLANG_ENABLE_OBJC_ARC = YES;
				CLANG_ENABLE_OBJC_WEAK = YES;
				CLANG_WARN_BLOCK_CAPTURE_AUTORELEASING = YES;
				CLANG_WARN_BOOL_CONVERSION = YES;
				CLANG_WARN_COMMA = YES;
				CLANG_WARN_CONSTANT_CONVERSION = YES;
				CLANG_WARN_DEPRECATED_OBJC_IMPLEMENTATIONS = YES;
				CLANG_WARN_DIRECT_OBJC_ISA_USAGE = YES_ERROR;
				CLANG_WARN_DOCUMENTATION_COMMENTS = YES;
				CLANG_WARN_EMPTY_BODY = YES;
				CLANG_WARN_ENUM_CONVERSION = YES;
				CLANG_WARN_INFINITE_RECURSION = YES;
				CLANG_WARN_INT_CONVERSION = YES;
				CLANG_WARN_NON_LITERAL_NULL_CONVERSION = YES;
				CLANG_WARN_OBJC_IMPLICIT_RETAIN_SELF = YES;
				CLANG_WARN_OBJC_LITERAL_CONVERSION = YES;
				CLANG_WARN_OBJC_ROOT_CLASS = YES_ERROR;
				CLANG_WARN_QUOTED_INCLUDE_IN_FRAMEWORK_HEADER = YES;
				CLANG_WARN_RANGE_LOOP_ANALYSIS = YES;
				CLANG_WARN_STRICT_PROTOTYPES = YES;
				CLANG_WARN_SUSPICIOUS_MOVE = YES;
				CLANG_WARN_UNGUARDED_AVAILABILITY = YES_AGGRESSIVE;
				CLANG_WARN_UNREACHABLE_CODE = YES;
				CLANG_WARN__DUPLICATE_METHOD_MATCH = YES;
				CODE_SIGN_IDENTITY = "iPhone Developer";
				COPY_PHASE_STRIP = NO;
				DEBUG_INFORMATION_FORMAT = "dwarf-with-dsym";
				ENABLE_NS_ASSERTIONS = NO;
				ENABLE_STRICT_OBJC_MSGSEND = YES;
				GCC_C_LANGUAGE_STANDARD = gnu11;
				GCC_NO_COMMON_BLOCKS = YES;
				GCC_WARN_64_TO_32_BIT_CONVERSION = YES;
				GCC_WARN_ABOUT_RETURN_TYPE = YES_ERROR;
				GCC_WARN_UNDECLARED_SELECTOR = YES;
				GCC_WARN_UNINITIALIZED_AUTOS = YES_AGGRESSIVE;
				GCC_WARN_UNUSED_FUNCTION = YES;
				GCC_WARN_UNUSED_VARIABLE = YES;
				IPHONEOS_DEPLOYMENT_TARGET = 12.0;
				MTL_ENABLE_DEBUG_INFO = NO;
				SDKROOT = iphoneos;
				SWIFT_COMPILATION_MODE = wholemodule;
				SWIFT_OPTIMIZATION_LEVEL = "-O";
				VALIDATE_PRODUCT = YES;
			};
			name = Release;
		};
		52FF67452112132100C6B800 /* Debug */ = {
			isa = XCBuildConfiguration;
			baseConfigurationReference = 285EDE17E2FA8C8AF769234B /* Pods-SwiftBeauty.debug.xcconfig */;
			buildSettings = {
				ASSETCATALOG_COMPILER_APPICON_NAME = AppIcon;
				CODE_SIGN_STYLE = Automatic;
				DEVELOPMENT_TEAM = 3ZRBTT9ETQ;
				INFOPLIST_FILE = "$(SRCROOT)/SwiftBeauty/Supporting Files/Info.plist";
				LD_RUNPATH_SEARCH_PATHS = (
					"$(inherited)",
					"@executable_path/Frameworks",
				);
				PRODUCT_BUNDLE_IDENTIFIER = com.nelson.BeautyGallery;
				PRODUCT_NAME = "$(TARGET_NAME)";
				SWIFT_VERSION = 4.0;
				TARGETED_DEVICE_FAMILY = 1;
			};
			name = Debug;
		};
		52FF67462112132100C6B800 /* Release */ = {
			isa = XCBuildConfiguration;
			baseConfigurationReference = 75ABDFBC04CAD7AC341DEAFB /* Pods-SwiftBeauty.release.xcconfig */;
			buildSettings = {
				ASSETCATALOG_COMPILER_APPICON_NAME = AppIcon;
				CODE_SIGN_STYLE = Automatic;
				DEVELOPMENT_TEAM = 3ZRBTT9ETQ;
				INFOPLIST_FILE = "$(SRCROOT)/SwiftBeauty/Supporting Files/Info.plist";
				LD_RUNPATH_SEARCH_PATHS = (
					"$(inherited)",
					"@executable_path/Frameworks",
				);
				PRODUCT_BUNDLE_IDENTIFIER = com.nelson.BeautyGallery;
				PRODUCT_NAME = "$(TARGET_NAME)";
				SWIFT_VERSION = 4.0;
				TARGETED_DEVICE_FAMILY = 1;
			};
			name = Release;
		};
/* End XCBuildConfiguration section */

/* Begin XCConfigurationList section */
		52FF672D2112131F00C6B800 /* Build configuration list for PBXProject "SwiftBeauty" */ = {
			isa = XCConfigurationList;
			buildConfigurations = (
				52FF67422112132100C6B800 /* Debug */,
				52FF67432112132100C6B800 /* Release */,
			);
			defaultConfigurationIsVisible = 0;
			defaultConfigurationName = Release;
		};
		52FF67442112132100C6B800 /* Build configuration list for PBXNativeTarget "SwiftBeauty" */ = {
			isa = XCConfigurationList;
			buildConfigurations = (
				52FF67452112132100C6B800 /* Debug */,
				52FF67462112132100C6B800 /* Release */,
			);
			defaultConfigurationIsVisible = 0;
			defaultConfigurationName = Release;
		};
/* End XCConfigurationList section */
	};
	rootObject = 52FF672A2112131F00C6B800 /* Project object */;
}
